{
  "name": "@aithos/protocol-client",
  "version": "0.1.0-alpha.7",
  "lockfileVersion": 3,
  "requires": true,
  "packages": {
    "": {
      "name": "@aithos/protocol-client",
      "version": "0.1.0-alpha.7",
      "license": "Apache-2.0",
      "dependencies": {
        "@aithos/protocol-core": "^0.5.0",
        "@noble/ciphers": "^1.2.1",
        "@noble/curves": "^1.8.1",
        "@noble/ed25519": "^2.3.0",
        "@noble/hashes": "^1.7.0"
      },
      "devDependencies": {
        "@types/node": "^24.12.2",
        "typescript": "^5.9.2"
      },
      "engines": {
        "node": ">=20"
      }
    },
    "node_modules/@aithos/protocol-core": {
      "version": "0.5.0",
      "resolved": "https://registry.npmjs.org/@aithos/protocol-core/-/protocol-core-0.5.0.tgz",
      "integrity": "sha512-q41sXEZyURrRywceWN/4Y+2A1Ihu/VK4qtPmOqQAGIE1S0+lYt/R5rUjQ1e+XGYvl483OejOqfmEJ57L4Cq2dw==",
      "license": "Apache-2.0",
      "dependencies": {
        "@noble/curves": "^2.2.0",
        "@noble/ed25519": "^2.1.0",
        "@noble/hashes": "^1.4.0",
        "@scure/base": "^1.1.6",
        "@stablelib/hkdf": "^2.0.1",
        "@stablelib/sha256": "^2.0.1",
        "@stablelib/xchacha20poly1305": "^2.0.1",
        "@types/adm-zip": "^0.5.8",
        "adm-zip": "^0.5.17",
        "ulid": "^2.3.0"
      },
      "engines": {
        "node": ">=20"
      }
    },
    "node_modules/@aithos/protocol-core/node_modules/@noble/curves": {
      "version": "2.2.0",
      "resolved": "https://registry.npmjs.org/@noble/curves/-/curves-2.2.0.tgz",
      "integrity": "sha512-T/BoHgFXirb0ENSPBquzX0rcjXeM6Lo892a2jlYJkqk83LqZx0l1Of7DzlKJ6jkpvMrkHSnAcgb5JegL8SeIkQ==",
      "license": "MIT",
      "dependencies": {
        "@noble/hashes": "2.2.0"
      },
      "engines": {
        "node": ">= 20.19.0"
      },
      "funding": {
        "url": "https://paulmillr.com/funding/"
      }
    },
    "node_modules/@aithos/protocol-core/node_modules/@noble/curves/node_modules/@noble/hashes": {
      "version": "2.2.0",
      "resolved": "https://registry.npmjs.org/@noble/hashes/-/hashes-2.2.0.tgz",
      "integrity": "sha512-IYqDGiTXab6FniAgnSdZwgWbomxpy9FtYvLKs7wCUs2a8RkITG+DFGO1DM9cr+E3/RgADRpFjrKVaJ1z6sjtEg==",
      "license": "MIT",
      "engines": {
        "node": ">= 20.19.0"
      },
      "funding": {
        "url": "https://paulmillr.com/funding/"
      }
    },
    "node_modules/@noble/ciphers": {
      "version": "1.3.0",
      "resolved": "https://registry.npmjs.org/@noble/ciphers/-/ciphers-1.3.0.tgz",
      "integrity": "sha512-2I0gnIVPtfnMw9ee9h1dJG7tp81+8Ob3OJb3Mv37rx5L40/b0i7djjCVvGOVqc9AEIQyvyu1i6ypKdFw8R8gQw==",
      "license": "MIT",
      "engines": {
        "node": "^14.21.3 || >=16"
      },
      "funding": {
        "url": "https://paulmillr.com/funding/"
      }
    },
    "node_modules/@noble/curves": {
      "version": "1.9.7",
      "resolved": "https://registry.npmjs.org/@noble/curves/-/curves-1.9.7.tgz",
      "integrity": "sha512-gbKGcRUYIjA3/zCCNaWDciTMFI0dCkvou3TL8Zmy5Nc7sJ47a0jtOeZoTaMxkuqRo9cRhjOdZJXegxYE5FN/xw==",
      "license": "MIT",
      "dependencies": {
        "@noble/hashes": "1.8.0"
      },
      "engines": {
        "node": "^14.21.3 || >=16"
      },
      "funding": {
        "url": "https://paulmillr.com/funding/"
      }
    },
    "node_modules/@noble/ed25519": {
      "version": "2.3.0",
      "resolved": "https://registry.npmjs.org/@noble/ed25519/-/ed25519-2.3.0.tgz",
      "integrity": "sha512-M7dvXL2B92/M7dw9+gzuydL8qn/jiqNHaoR3Q+cb1q1GHV7uwE17WCyFMG+Y+TZb5izcaXk5TdJRrDUxHXL78A==",
      "license": "MIT",
      "funding": {
        "url": "https://paulmillr.com/funding/"
      }
    },
    "node_modules/@noble/hashes": {
      "version": "1.8.0",
      "resolved": "https://registry.npmjs.org/@noble/hashes/-/hashes-1.8.0.tgz",
      "integrity": "sha512-jCs9ldd7NwzpgXDIf6P3+NrHh9/sD6CQdxHyjQI+h/6rDNo88ypBxxz45UDuZHz9r3tNz7N/VInSVoVdtXEI4A==",
      "license": "MIT",
      "engines": {
        "node": "^14.21.3 || >=16"
      },
      "funding": {
        "url": "https://paulmillr.com/funding/"
      }
    },
    "node_modules/@scure/base": {
      "version": "1.2.6",
      "resolved": "https://registry.npmjs.org/@scure/base/-/base-1.2.6.tgz",
      "integrity": "sha512-g/nm5FgUa//MCj1gV09zTJTaM6KBAHqLN907YVQqf7zC49+DcO4B1so4ZX07Ef10Twr6nuqYEH9GEggFXA4Fmg==",
      "license": "MIT",
      "funding": {
        "url": "https://paulmillr.com/funding/"
      }
    },
    "node_modules/@stablelib/aead": {
      "version": "2.0.0",
      "resolved": "https://registry.npmjs.org/@stablelib/aead/-/aead-2.0.0.tgz",
      "integrity": "sha512-U/RMANRxbT/ahIpYsPSiFwDFNjADHdnCFfmo09MO1ai2XmerPAOPtMl0qmX7XVvygnACC6ijKDyHBoT2rGyElg==",
      "license": "MIT"
    },
    "node_modules/@stablelib/binary": {
      "version": "2.0.1",
      "resolved": "https://registry.npmjs.org/@stablelib/binary/-/binary-2.0.1.tgz",
      "integrity": "sha512-U9iAO8lXgEDONsA0zPPSgcf3HUBNAqHiJmSHgZz62OvC3Hi2Bhc5kTnQ3S1/L+sthDTHtCMhcEiklmIly6uQ3w==",
      "license": "MIT",
      "dependencies": {
        "@stablelib/int": "^2.0.1"
      }
    },
    "node_modules/@stablelib/chacha": {
      "version": "2.0.1",
      "resolved": "https://registry.npmjs.org/@stablelib/chacha/-/chacha-2.0.1.tgz",
      "integrity": "sha512-lS1FqtNqofxe2vLkRsLli2m3x/XanUyAYRphLhdHumKeIsLbjbCXdCq3Pf/eWiO7G3QlSG5ViqnoVjktzfLWMg==",
      "license": "MIT",
      "dependencies": {
        "@stablelib/binary": "^2.0.1",
        "@stablelib/wipe": "^2.0.1"
      }
    },
    "node_modules/@stablelib/chacha20poly1305": {
      "version": "2.0.1",
      "resolved": "https://registry.npmjs.org/@stablelib/chacha20poly1305/-/chacha20poly1305-2.0.1.tgz",
      "integrity": "sha512-kOoBsXbDPVRlelzXl+5WViycgM19lD7lF3Bc3KWI+DzId0Stc2HlxAfSc+Xpn3RgqSCl1ZNTXr33LegqBhBBaw==",
      "license": "MIT",
      "dependencies": {
        "@stablelib/aead": "^2.0.0",
        "@stablelib/binary": "^2.0.1",
        "@stablelib/chacha": "^2.0.1",
        "@stablelib/constant-time": "^2.0.1",
        "@stablelib/poly1305": "^2.0.1",
        "@stablelib/wipe": "^2.0.1"
      }
    },
    "node_modules/@stablelib/constant-time": {
      "version": "2.0.1",
      "resolved": "https://registry.npmjs.org/@stablelib/constant-time/-/constant-time-2.0.1.tgz",
      "integrity": "sha512-0NWPogffRm+UWBH0+iM5otZmNrVe5OHFIvyoNIVankMAYOQzMwcdVALOVPrB5Ho0dST+Oc3H8/hPh65Z8R/uew==",
      "license": "MIT"
    },
    "node_modules/@stablelib/hash": {
      "version": "2.0.0",
      "resolved": "https://registry.npmjs.org/@stablelib/hash/-/hash-2.0.0.tgz",
      "integrity": "sha512-u3WPSqGido8lwJuMcrBgM5K54LrPGhkWAdtsyccf7dGsLixAZUds77zOAbu7bvKPwQlmoByH0txBi5rTmEKuHg==",
      "license": "MIT"
    },
    "node_modules/@stablelib/hkdf": {
      "version": "2.0.1",
      "resolved": "https://registry.npmjs.org/@stablelib/hkdf/-/hkdf-2.0.1.tgz",
      "integrity": "sha512-R8w5r43QpM92FhyGPsQAhd4KOKwhmMFgvihoRJjiEi/YNwwXlluQoYruNQxyBA1fEMmJ8QHtQvEZEX/Uyr6MwQ==",
      "license": "MIT",
      "dependencies": {
        "@stablelib/hash": "^2.0.0",
        "@stablelib/hmac": "^2.0.1",
        "@stablelib/wipe": "^2.0.1"
      }
    },
    "node_modules/@stablelib/hmac": {
      "version": "2.0.1",
      "resolved": "https://registry.npmjs.org/@stablelib/hmac/-/hmac-2.0.1.tgz",
      "integrity": "sha512-YDMEmogYNDWESU8ggMiTi4VDMfHt2XG+pgVskJCHuKVlmWwXxYKZ6bn5dq24/jU3vzZSajwKzRCU6iafT2OKUA==",
      "license": "MIT",
      "dependencies": {
        "@stablelib/constant-time": "^2.0.1",
        "@stablelib/hash": "^2.0.0",
        "@stablelib/wipe": "^2.0.1"
      }
    },
    "node_modules/@stablelib/int": {
      "version": "2.0.1",
      "resolved": "https://registry.npmjs.org/@stablelib/int/-/int-2.0.1.tgz",
      "integrity": "sha512-Ht63fQp3wz/F8U4AlXEPb7hfJOIILs8Lq55jgtD7KueWtyjhVuzcsGLSTAWtZs3XJDZYdF1WcSKn+kBtbzupww==",
      "license": "MIT"
    },
    "node_modules/@stablelib/poly1305": {
      "version": "2.0.1",
      "resolved": "https://registry.npmjs.org/@stablelib/poly1305/-/poly1305-2.0.1.tgz",
      "integrity": "sha512-D8xfZcL/5zeVARJ9I2fZOUCnZvsJx8G4JDQvD+ecsnaCildPtqZDwqqjtOc4cfHAdScrMjOzUVsssjXUTBw3YQ==",
      "license": "MIT",
      "dependencies": {
        "@stablelib/constant-time": "^2.0.1",
        "@stablelib/wipe": "^2.0.1"
      }
    },
    "node_modules/@stablelib/sha256": {
      "version": "2.0.1",
      "resolved": "https://registry.npmjs.org/@stablelib/sha256/-/sha256-2.0.1.tgz",
      "integrity": "sha512-LA1PaLDc6Lv72ppA4PEZ7abDE741KfG7k7QhBiUyIfViMqrwWv8HqQQFPeuPfS4k2OxFv++IAgc8HlvdBatD+w==",
      "license": "MIT",
      "dependencies": {
        "@stablelib/binary": "^2.0.1",
        "@stablelib/hash": "^2.0.0",
        "@stablelib/wipe": "^2.0.1"
      }
    },
    "node_modules/@stablelib/wipe": {
      "version": "2.0.1",
      "resolved": "https://registry.npmjs.org/@stablelib/wipe/-/wipe-2.0.1.tgz",
      "integrity": "sha512-1eU2K9EgOcV4qc9jcP6G72xxZxEm5PfeI5H55l08W95b4oRJaqhmlWRc4xZAm6IVSKhVNxMi66V67hCzzuMTAg==",
      "license": "MIT"
    },
    "node_modules/@stablelib/xchacha20": {
      "version": "2.0.1",
      "resolved": "https://registry.npmjs.org/@stablelib/xchacha20/-/xchacha20-2.0.1.tgz",
      "integrity": "sha512-k55pNv7gIM4mUPU00+nJYTxKiUVNwAtsgrridC0aIU5cVbw9u6qP99x8ENu5eiwOEhZUNg+p3tTOLooCeAOJQA==",
      "license": "MIT",
      "dependencies": {
        "@stablelib/binary": "^2.0.1",
        "@stablelib/chacha": "^2.0.1",
        "@stablelib/wipe": "^2.0.1"
      }
    },
    "node_modules/@stablelib/xchacha20poly1305": {
      "version": "2.0.1",
      "resolved": "https://registry.npmjs.org/@stablelib/xchacha20poly1305/-/xchacha20poly1305-2.0.1.tgz",
      "integrity": "sha512-OUZnnPsd4y5ConoMtADkxiz308vcYrpFT7hzTgXLo5UMyu7aPAP0FaOM+aJAnV+GHBoWp+2ncDOhvtho3VDp7g==",
      "license": "MIT",
      "dependencies": {
        "@stablelib/aead": "^2.0.0",
        "@stablelib/chacha20poly1305": "^2.0.1",
        "@stablelib/constant-time": "^2.0.1",
        "@stablelib/wipe": "^2.0.1",
        "@stablelib/xchacha20": "^2.0.1"
      }
    },
    "node_modules/@types/adm-zip": {
      "version": "0.5.8",
      "resolved": "https://registry.npmjs.org/@types/adm-zip/-/adm-zip-0.5.8.tgz",
      "integrity": "sha512-RVVH7QvZYbN+ihqZ4kX/dMiowf6o+Jk1fNwiSdx0NahBJLU787zkULhGhJM8mf/obmLGmgdMM0bXsQTmyfbR7Q==",
      "license": "MIT",
      "dependencies": {
        "@types/node": "*"
      }
    },
    "node_modules/@types/node": {
      "version": "24.12.2",
      "resolved": "https://registry.npmjs.org/@types/node/-/node-24.12.2.tgz",
      "integrity": "sha512-A1sre26ke7HDIuY/M23nd9gfB+nrmhtYyMINbjI1zHJxYteKR6qSMX56FsmjMcDb3SMcjJg5BiRRgOCC/yBD0g==",
      "license": "MIT",
      "dependencies": {
        "undici-types": "~7.16.0"
      }
    },
    "node_modules/adm-zip": {
      "version": "0.5.17",
      "resolved": "https://registry.npmjs.org/adm-zip/-/adm-zip-0.5.17.tgz",
      "integrity": "sha512-+Ut8d9LLqwEvHHJl1+PIHqoyDxFgVN847JTVM3Izi3xHDWPE4UtzzXysMZQs64DMcrJfBeS/uoEP4AD3HQHnQQ==",
      "license": "MIT",
      "engines": {
        "node": ">=12.0"
      }
    },
    "node_modules/typescript": {
      "version": "5.9.3",
      "resolved": "https://registry.npmjs.org/typescript/-/typescript-5.9.3.tgz",
      "integrity": "sha512-jl1vZzPDinLr9eUt3J/t7V6FgNEw9QjvBPdysz9KfQDD41fQrC2Y4vKQdiaUpFT4bXlb1RHhLpp8wtm6M5TgSw==",
      "dev": true,
      "license": "Apache-2.0",
      "bin": {
        "tsc": "bin/tsc",
        "tsserver": "bin/tsserver"
      },
      "engines": {
        "node": ">=14.17"
      }
    },
    "node_modules/ulid": {
      "version": "2.4.0",
      "resolved": "https://registry.npmjs.org/ulid/-/ulid-2.4.0.tgz",
      "integrity": "sha512-fIRiVTJNcSRmXKPZtGzFQv9WRrZ3M9eoptl/teFJvjOzmpU+/K/JH6HZ8deBfb5vMEpicJcLn7JmvdknlMq7Zg==",
      "license": "MIT",
      "bin": {
        "ulid": "bin/cli.js"
      }
    },
    "node_modules/undici-types": {
      "version": "7.16.0",
      "resolved": "https://registry.npmjs.org/undici-types/-/undici-types-7.16.0.tgz",
      "integrity": "sha512-Zz+aZWSj8LE6zoxD+xrjh4VfkIG8Ya6LvYkZqtUQGJPZjYl53ypCaUwWqo7eI0x66KBGeRo+mlBEkMSeSZ38Nw==",
      "license": "MIT"
    }
  }
}
